// !$*UTF8*$!
{
	archiveVersion = 1;
	classes = {
	};
	objectVersion = 56;
	objects = {

/* Begin PBXBuildFile section */
		401BCA9D2C912B4A00ACCC54 /* oneshotApp.swift in Sources */ = {isa = PBXBuildFile; fileRef = 401BCA9C2C912B4A00ACCC54 /* oneshotApp.swift */; };
		401BCA9F2C912B4A00ACCC54 /* ContentView.swift in Sources */ = {isa = PBXBuildFile; fileRef = 401BCA9E2C912B4A00ACCC54 /* ContentView.swift */; };
		401BCAA12C912B4A00ACCC54 /* Item.swift in Sources */ = {isa = PBXBuildFile; fileRef = 401BCAA02C912B4A00ACCC54 /* Item.swift */; };
		401BCAA32C912B4C00ACCC54 /* Assets.xcassets in Resources */ = {isa = PBXBuildFile; fileRef = 401BCAA22C912B4C00ACCC54 /* Assets.xcassets */; };
		401BCAA72C912B4C00ACCC54 /* Preview Assets.xcassets in Resources */ = {isa = PBXBuildFile; fileRef = 401BCAA62C912B4C00ACCC54 /* Preview Assets.xcassets */; };
		401BCAB12C912B4C00ACCC54 /* oneshotTests.swift in Sources */ = {isa = PBXBuildFile; fileRef = 401BCAB02C912B4C00ACCC54 /* oneshotTests.swift */; };
		401BCABB2C912B4C00ACCC54 /* oneshotUITests.swift in Sources */ = {isa = PBXBuildFile; fileRef = 401BCABA2C912B4C00ACCC54 /* oneshotUITests.swift */; };
		401BCABD2C912B4C00ACCC54 /* oneshotUITestsLaunchTests.swift in Sources */ = {isa = PBXBuildFile; fileRef = 401BCABC2C912B4C00ACCC54 /* oneshotUITestsLaunchTests.swift */; };
/* End PBXBuildFile section */

/* Begin PBXContainerItemProxy section */
		401BCAAD2C912B4C00ACCC54 /* PBXContainerItemProxy */ = {
			isa = PBXContainerItemProxy;
			containerPortal = 401BCA912C912B4A00ACCC54 /* Project object */;
			proxyType = 1;
			remoteGlobalIDString = 401BCA982C912B4A00ACCC54;
			remoteInfo = oneshot;
		};
		401BCAB72C912B4C00ACCC54 /* PBXContainerItemProxy */ = {
			isa = PBXContainerItemProxy;
			containerPortal = 401BCA912C912B4A00ACCC54 /* Project object */;
			proxyType = 1;
			remoteGlobalIDString = 401BCA982C912B4A00ACCC54;
			remoteInfo = oneshot;
		};
/* End PBXContainerItemProxy section */

/* Begin PBXFileReference section */
		401BCA992C912B4A00ACCC54 /* oneshot.app */ = {isa = PBXFileReference; explicitFileType = wrapper.application; includeInIndex = 0; path = oneshot.app; sourceTree = BUILT_PRODUCTS_DIR; };
		401BCA9C2C912B4A00ACCC54 /* oneshotApp.swift */ = {isa = PBXFileReference; lastKnownFileType = sourcecode.swift; path = oneshotApp.swift; sourceTree = "<group>"; };
		401BCA9E2C912B4A00ACCC54 /* ContentView.swift */ = {isa = PBXFileReference; lastKnownFileType = sourcecode.swift; path = ContentView.swift; sourceTree = "<group>"; };
		401BCAA02C912B4A00ACCC54 /* Item.swift */ = {isa = PBXFileReference; lastKnownFileType = sourcecode.swift; path = Item.swift; sourceTree = "<group>"; };
		401BCAA22C912B4C00ACCC54 /* Assets.xcassets */ = {isa = PBXFileReference; lastKnownFileType = folder.assetcatalog; path = Assets.xcassets; sourceTree = "<group>"; };
		401BCAA42C912B4C00ACCC54 /* oneshot.entitlements */ = {isa = PBXFileReference; lastKnownFileType = text.plist.entitlements; path = oneshot.entitlements; sourceTree = "<group>"; };
		401BCAA62C912B4C00ACCC54 /* Preview Assets.xcassets */ = {isa = PBXFileReference; lastKnownFileType = folder.assetcatalog; path = "Preview Assets.xcassets"; sourceTree = "<group>"; };
		401BCAAC2C912B4C00ACCC54 /* oneshotTests.xctest */ = {isa = PBXFileReference; explicitFileType = wrapper.cfbundle; includeInIndex = 0; path = oneshotTests.xctest; sourceTree = BUILT_PRODUCTS_DIR; };
		401BCAB02C912B4C00ACCC54 /* oneshotTests.swift */ = {isa = PBXFileReference; lastKnownFileType = sourcecode.swift; path = oneshotTests.swift; sourceTree = "<group>"; };
		401BCAB62C912B4C00ACCC54 /* oneshotUITests.xctest */ = {isa = PBXFileReference; explicitFileType = wrapper.cfbundle; includeInIndex = 0; path = oneshotUITests.xctest; sourceTree = BUILT_PRODUCTS_DIR; };
		401BCABA2C912B4C00ACCC54 /* oneshotUITests.swift */ = {isa = PBXFileReference; lastKnownFileType = sourcecode.swift; path = oneshotUITests.swift; sourceTree = "<group>"; };
		401BCABC2C912B4C00ACCC54 /* oneshotUITestsLaunchTests.swift */ = {isa = PBXFileReference; lastKnownFileType = sourcecode.swift; path = oneshotUITestsLaunchTests.swift; sourceTree = "<group>"; };
/* End PBXFileReference section */

/* Begin PBXFrameworksBuildPhase section */
		401BCA962C912B4A00ACCC54 /* Frameworks */ = {
			isa = PBXFrameworksBuildPhase;
			buildActionMask = 2147483647;
			files = (
			);
			runOnlyForDeploymentPostprocessing = 0;
		};
		401BCAA92C912B4C00ACCC54 /* Frameworks */ = {
			isa = PBXFrameworksBuildPhase;
			buildActionMask = 2147483647;
			files = (
			);
			runOnlyForDeploymentPostprocessing = 0;
		};
		401BCAB32C912B4C00ACCC54 /* Frameworks */ = {
			isa = PBXFrameworksBuildPhase;
			buildActionMask = 2147483647;
			files = (
			);
			runOnlyForDeploymentPostprocessing = 0;
		};
/* End PBXFrameworksBuildPhase section */

/* Begin PBXGroup section */
		401BCA902C912B4A00ACCC54 = {
			isa = PBXGroup;
			children = (
				401BCA9B2C912B4A00ACCC54 /* oneshot */,
				401BCAAF2C912B4C00ACCC54 /* oneshotTests */,
				401BCAB92C912B4C00ACCC54 /* oneshotUITests */,
				401BCA9A2C912B4A00ACCC54 /* Products */,
			);
			sourceTree = "<group>";
		};
		401BCA9A2C912B4A00ACCC54 /* Products */ = {
			isa = PBXGroup;
			children = (
				401BCA992C912B4A00ACCC54 /* oneshot.app */,
				401BCAAC2C912B4C00ACCC54 /* oneshotTests.xctest */,
				401BCAB62C912B4C00ACCC54 /* oneshotUITests.xctest */,
			);
			name = Products;
			sourceTree = "<group>";
		};
		401BCA9B2C912B4A00ACCC54 /* oneshot */ = {
			isa = PBXGroup;
			children = (
				401BCA9C2C912B4A00ACCC54 /* oneshotApp.swift */,
				401BCA9E2C912B4A00ACCC54 /* ContentView.swift */,
				401BCAA02C912B4A00ACCC54 /* Item.swift */,
				401BCAA22C912B4C00ACCC54 /* Assets.xcassets */,
				401BCAA42C912B4C00ACCC54 /* oneshot.entitlements */,
				401BCAA52C912B4C00ACCC54 /* Preview Content */,
			);
			path = oneshot;
			sourceTree = "<group>";
		};
		401BCAA52C912B4C00ACCC54 /* Preview Content */ = {
			isa = PBXGroup;
			children = (
				401BCAA62C912B4C00ACCC54 /* Preview Assets.xcassets */,
			);
			path = "Preview Content";
			sourceTree = "<group>";
		};
		401BCAAF2C912B4C00ACCC54 /* oneshotTests */ = {
			isa = PBXGroup;
			children = (
				401BCAB02C912B4C00ACCC54 /* oneshotTests.swift */,
			);
			path = oneshotTests;
			sourceTree = "<group>";
		};
		401BCAB92C912B4C00ACCC54 /* oneshotUITests */ = {
			isa = PBXGroup;
			children = (
				401BCABA2C912B4C00ACCC54 /* oneshotUITests.swift */,
				401BCABC2C912B4C00ACCC54 /* oneshotUITestsLaunchTests.swift */,
			);
			path = oneshotUITests;
			sourceTree = "<group>";
		};
/* End PBXGroup section */

/* Begin PBXNativeTarget section */
		401BCA982C912B4A00ACCC54 /* oneshot */ = {
			isa = PBXNativeTarget;
			buildConfigurationList = 401BCAC02C912B4C00ACCC54 /* Build configuration list for PBXNativeTarget "oneshot" */;
			buildPhases = (
				401BCA952C912B4A00ACCC54 /* Sources */,
				401BCA962C912B4A00ACCC54 /* Frameworks */,
				401BCA972C912B4A00ACCC54 /* Resources */,
			);
			buildRules = (
			);
			dependencies = (
			);
			name = oneshot;
			productName = oneshot;
			productReference = 401BCA992C912B4A00ACCC54 /* oneshot.app */;
			productType = "com.apple.product-type.application";
		};
		401BCAAB2C912B4C00ACCC54 /* oneshotTests */ = {
			isa = PBXNativeTarget;
			buildConfigurationList = 401BCAC32C912B4C00ACCC54 /* Build configuration list for PBXNativeTarget "oneshotTests" */;
			buildPhases = (
				401BCAA82C912B4C00ACCC54 /* Sources */,
				401BCAA92C912B4C00ACCC54 /* Frameworks */,
				401BCAAA2C912B4C00ACCC54 /* Resources */,
			);
			buildRules = (
			);
			dependencies = (
				401BCAAE2C912B4C00ACCC54 /* PBXTargetDependency */,
			);
			name = oneshotTests;
			productName = oneshotTests;
			productReference = 401BCAAC2C912B4C00ACCC54 /* oneshotTests.xctest */;
			productType = "com.apple.product-type.bundle.unit-test";
		};
		401BCAB52C912B4C00ACCC54 /* oneshotUITests */ = {
			isa = PBXNativeTarget;
			buildConfigurationList = 401BCAC62C912B4C00ACCC54 /* Build configuration list for PBXNativeTarget "oneshotUITests" */;
			buildPhases = (
				401BCAB22C912B4C00ACCC54 /* Sources */,
				401BCAB32C912B4C00ACCC54 /* Frameworks */,
				401BCAB42C912B4C00ACCC54 /* Resources */,
			);
			buildRules = (
			);
			dependencies = (
				401BCAB82C912B4C00ACCC54 /* PBXTargetDependency */,
			);
			name = oneshotUITests;
			productName = oneshotUITests;
			productReference = 401BCAB62C912B4C00ACCC54 /* oneshotUITests.xctest */;
			productType = "com.apple.product-type.bundle.ui-testing";
		};
/* End PBXNativeTarget section */

/* Begin PBXProject section */
		401BCA912C912B4A00ACCC54 /* Project object */ = {
			isa = PBXProject;
			attributes = {
				BuildIndependentTargetsInParallel = 1;
				LastSwiftUpdateCheck = 1500;
				LastUpgradeCheck = 1500;
				TargetAttributes = {
					401BCA982C912B4A00ACCC54 = {
						CreatedOnToolsVersion = 15.0.1;
					};
					401BCAAB2C912B4C00ACCC54 = {
						CreatedOnToolsVersion = 15.0.1;
						TestTargetID = 401BCA982C912B4A00ACCC54;
					};
					401BCAB52C912B4C00ACCC54 = {
						CreatedOnToolsVersion = 15.0.1;
						TestTargetID = 401BCA982C912B4A00ACCC54;
					};
				};
			};
			buildConfigurationList = 401BCA942C912B4A00ACCC54 /* Build configuration list for PBXProject "oneshot" */;
			compatibilityVersion = "Xcode 14.0";
			developmentRegion = en;
			hasScannedForEncodings = 0;
			knownRegions = (
				en,
				Base,
			);
			mainGroup = 401BCA902C912B4A00ACCC54;
			productRefGroup = 401BCA9A2C912B4A00ACCC54 /* Products */;
			projectDirPath = "";
			projectRoot = "";
			targets = (
				401BCA982C912B4A00ACCC54 /* oneshot */,
				401BCAAB2C912B4C00ACCC54 /* oneshotTests */,
				401BCAB52C912B4C00ACCC54 /* oneshotUITests */,
			);
		};
/* End PBXProject section */

/* Begin PBXResourcesBuildPhase section */
		401BCA972C912B4A00ACCC54 /* Resources */ = {
			isa = PBXResourcesBuildPhase;
			buildActionMask = 2147483647;
			files = (
				401BCAA72C912B4C00ACCC54 /* Preview Assets.xcassets in Resources */,
				401BCAA32C912B4C00ACCC54 /* Assets.xcassets in Resources */,
			);
			runOnlyForDeploymentPostprocessing = 0;
		};
		401BCAAA2C912B4C00ACCC54 /* Resources */ = {
			isa = PBXResourcesBuildPhase;
			buildActionMask = 2147483647;
			files = (
			);
			runOnlyForDeploymentPostprocessing = 0;
		};
		401BCAB42C912B4C00ACCC54 /* Resources */ = {
			isa = PBXResourcesBuildPhase;
			buildActionMask = 2147483647;
			files = (
			);
			runOnlyForDeploymentPostprocessing = 0;
		};
/* End PBXResourcesBuildPhase section */

/* Begin PBXSourcesBuildPhase section */
		401BCA952C912B4A00ACCC54 /* Sources */ = {
			isa = PBXSourcesBuildPhase;
			buildActionMask = 2147483647;
			files = (
				401BCA9F2C912B4A00ACCC54 /* ContentView.swift in Sources */,
				401BCAA12C912B4A00ACCC54 /* Item.swift in Sources */,
				401BCA9D2C912B4A00ACCC54 /* oneshotApp.swift in Sources */,
			);
			runOnlyForDeploymentPostprocessing = 0;
		};
		401BCAA82C912B4C00ACCC54 /* Sources */ = {
			isa = PBXSourcesBuildPhase;
			buildActionMask = 2147483647;
			files = (
				401BCAB12C912B4C00ACCC54 /* oneshotTests.swift in Sources */,
			);
			runOnlyForDeploymentPostprocessing = 0;
		};
		401BCAB22C912B4C00ACCC54 /* Sources */ = {
			isa = PBXSourcesBuildPhase;
			buildActionMask = 2147483647;
			files = (
				401BCABB2C912B4C00ACCC54 /* oneshotUITests.swift in Sources */,
				401BCABD2C912B4C00ACCC54 /* oneshotUITestsLaunchTests.swift in Sources */,
			);
			runOnlyForDeploymentPostprocessing = 0;
		};
/* End PBXSourcesBuildPhase section */

/* Begin PBXTargetDependency section */
		401BCAAE2C912B4C00ACCC54 /* PBXTargetDependency */ = {
			isa = PBXTargetDependency;
			target = 401BCA982C912B4A00ACCC54 /* oneshot */;
			targetProxy = 401BCAAD2C912B4C00ACCC54 /* PBXContainerItemProxy */;
		};
		401BCAB82C912B4C00ACCC54 /* PBXTargetDependency */ = {
			isa = PBXTargetDependency;
			target = 401BCA982C912B4A00ACCC54 /* oneshot */;
			targetProxy = 401BCAB72C912B4C00ACCC54 /* PBXContainerItemProxy */;
		};
/* End PBXTargetDependency section */

/* Begin XCBuildConfiguration section */
		401BCABE2C912B4C00ACCC54 /* Debug */ = {
			isa = XCBuildConfiguration;
			buildSettings = {
				ALWAYS_SEARCH_USER_PATHS = NO;
				ASSETCATALOG_COMPILER_GENERATE_SWIFT_ASSET_SYMBOL_EXTENSIONS = YES;
				CLANG_ANALYZER_NONNULL = YES;
				CLANG_ANALYZER_NUMBER_OBJECT_CONVERSION = YES_AGGRESSIVE;
				CLANG_CXX_LANGUAGE_STANDARD = "gnu++20";
				CLANG_ENABLE_MODULES = YES;
				CLANG_ENABLE_OBJC_ARC = YES;
				CLANG_ENABLE_OBJC_WEAK = YES;
				CLANG_WARN_BLOCK_CAPTURE_AUTORELEASING = YES;
				CLANG_WARN_BOOL_CONVERSION = YES;
				CLANG_WARN_COMMA = YES;
				CLANG_WARN_CONSTANT_CONVERSION = YES;
				CLANG_WARN_DEPRECATED_OBJC_IMPLEMENTATIONS = YES;
				CLANG_WARN_DIRECT_OBJC_ISA_USAGE = YES_ERROR;
				CLANG_WARN_DOCUMENTATION_COMMENTS = YES;
				CLANG_WARN_EMPTY_BODY = YES;
				CLANG_WARN_ENUM_CONVERSION = YES;
				CLANG_WARN_INFINITE_RECURSION = YES;
				CLANG_WARN_INT_CONVERSION = YES;
				CLANG_WARN_NON_LITERAL_NULL_CONVERSION = YES;
				CLANG_WARN_OBJC_IMPLICIT_RETAIN_SELF = YES;
				CLANG_WARN_OBJC_LITERAL_CONVERSION = YES;
				CLANG_WARN_OBJC_ROOT_CLASS = YES_ERROR;
				CLANG_WARN_QUOTED_INCLUDE_IN_FRAMEWORK_HEADER = YES;
				CLANG_WARN_RANGE_LOOP_ANALYSIS = YES;
				CLANG_WARN_STRICT_PROTOTYPES = YES;
				CLANG_WARN_SUSPICIOUS_MOVE = YES;
				CLANG_WARN_UNGUARDED_AVAILABILITY = YES_AGGRESSIVE;
				CLANG_WARN_UNREACHABLE_CODE = YES;
				CLANG_WARN__DUPLICATE_METHOD_MATCH = YES;
				COPY_PHASE_STRIP = NO;
				DEBUG_INFORMATION_FORMAT = dwarf;
				ENABLE_STRICT_OBJC_MSGSEND = YES;
				ENABLE_TESTABILITY = YES;
				ENABLE_USER_SCRIPT_SANDBOXING = YES;
				GCC_C_LANGUAGE_STANDARD = gnu17;
				GCC_DYNAMIC_NO_PIC = NO;
				GCC_NO_COMMON_BLOCKS = YES;
				GCC_OPTIMIZATION_LEVEL = 0;
				GCC_PREPROCESSOR_DEFINITIONS = (
					"DEBUG=1",
					"$(inherited)",
				);
				GCC_WARN_64_TO_32_BIT_CONVERSION = YES;
				GCC_WARN_ABOUT_RETURN_TYPE = YES_ERROR;
				GCC_WARN_UNDECLARED_SELECTOR = YES;
				GCC_WARN_UNINITIALIZED_AUTOS = YES_AGGRESSIVE;
				GCC_WARN_UNUSED_FUNCTION = YES;
				GCC_WARN_UNUSED_VARIABLE = YES;
				LOCALIZATION_PREFERS_STRING_CATALOGS = YES;
				MTL_ENABLE_DEBUG_INFO = INCLUDE_SOURCE;
				MTL_FAST_MATH = YES;
				ONLY_ACTIVE_ARCH = YES;
				SWIFT_ACTIVE_COMPILATION_CONDITIONS = "DEBUG $(inherited)";
				SWIFT_OPTIMIZATION_LEVEL = "-Onone";
			};
			name = Debug;
		};
		401BCABF2C912B4C00ACCC54 /* Release */ = {
			isa = XCBuildConfiguration;
			buildSettings = {
				ALWAYS_SEARCH_USER_PATHS = NO;
				ASSETCATALOG_COMPILER_GENERATE_SWIFT_ASSET_SYMBOL_EXTENSIONS = YES;
				CLANG_ANALYZER_NONNULL = YES;
				CLANG_ANALYZER_NUMBER_OBJECT_CONVERSION = YES_AGGRESSIVE;
				CLANG_CXX_LANGUAGE_STANDARD = "gnu++20";
				CLANG_ENABLE_MODULES = YES;
				CLANG_ENABLE_OBJC_ARC = YES;
				CLANG_ENABLE_OBJC_WEAK = YES;
				CLANG_WARN_BLOCK_CAPTURE_AUTORELEASING = YES;
				CLANG_WARN_BOOL_CONVERSION = YES;
				CLANG_WARN_COMMA = YES;
				CLANG_WARN_CONSTANT_CONVERSION = YES;
				CLANG_WARN_DEPRECATED_OBJC_IMPLEMENTATIONS = YES;
				CLANG_WARN_DIRECT_OBJC_ISA_USAGE = YES_ERROR;
				CLANG_WARN_DOCUMENTATION_COMMENTS = YES;
				CLANG_WARN_EMPTY_BODY = YES;
				CLANG_WARN_ENUM_CONVERSION = YES;
				CLANG_WARN_INFINITE_RECURSION = YES;
				CLANG_WARN_INT_CONVERSION = YES;
				CLANG_WARN_NON_LITERAL_NULL_CONVERSION = YES;
				CLANG_WARN_OBJC_IMPLICIT_RETAIN_SELF = YES;
				CLANG_WARN_OBJC_LITERAL_CONVERSION = YES;
				CLANG_WARN_OBJC_ROOT_CLASS = YES_ERROR;
				CLANG_WARN_QUOTED_INCLUDE_IN_FRAMEWORK_HEADER = YES;
				CLANG_WARN_RANGE_LOOP_ANALYSIS = YES;
				CLANG_WARN_STRICT_PROTOTYPES = YES;
				CLANG_WARN_SUSPICIOUS_MOVE = YES;
				CLANG_WARN_UNGUARDED_AVAILABILITY = YES_AGGRESSIVE;
				CLANG_WARN_UNREACHABLE_CODE = YES;
				CLANG_WARN__DUPLICATE_METHOD_MATCH = YES;
				COPY_PHASE_STRIP = NO;
				DEBUG_INFORMATION_FORMAT = "dwarf-with-dsym";
				ENABLE_NS_ASSERTIONS = NO;
				ENABLE_STRICT_OBJC_MSGSEND = YES;
				ENABLE_USER_SCRIPT_SANDBOXING = YES;
				GCC_C_LANGUAGE_STANDARD = gnu17;
				GCC_NO_COMMON_BLOCKS = YES;
				GCC_WARN_64_TO_32_BIT_CONVERSION = YES;
				GCC_WARN_ABOUT_RETURN_TYPE = YES_ERROR;
				GCC_WARN_UNDECLARED_SELECTOR = YES;
				GCC_WARN_UNINITIALIZED_AUTOS = YES_AGGRESSIVE;
				GCC_WARN_UNUSED_FUNCTION = YES;
				GCC_WARN_UNUSED_VARIABLE = YES;
				LOCALIZATION_PREFERS_STRING_CATALOGS = YES;
				MTL_ENABLE_DEBUG_INFO = NO;
				MTL_FAST_MATH = YES;
				SWIFT_COMPILATION_MODE = wholemodule;
			};
			name = Release;
		};
		401BCAC12C912B4C00ACCC54 /* Debug */ = {
			isa = XCBuildConfiguration;
			buildSettings = {
				ASSETCATALOG_COMPILER_APPICON_NAME = AppIcon;
				ASSETCATALOG_COMPILER_GLOBAL_ACCENT_COLOR_NAME = AccentColor;
				CODE_SIGN_ENTITLEMENTS = oneshot/oneshot.entitlements;
				CODE_SIGN_STYLE = Automatic;
				CURRENT_PROJECT_VERSION = 1;
				DEVELOPMENT_ASSET_PATHS = "\"oneshot/Preview Content\"";
				ENABLE_PREVIEWS = YES;
				GENERATE_INFOPLIST_FILE = YES;
				"INFOPLIST_KEY_UIApplicationSceneManifest_Generation[sdk=iphoneos*]" = YES;
				"INFOPLIST_KEY_UIApplicationSceneManifest_Generation[sdk=iphonesimulator*]" = YES;
				"INFOPLIST_KEY_UIApplicationSupportsIndirectInputEvents[sdk=iphoneos*]" = YES;
				"INFOPLIST_KEY_UIApplicationSupportsIndirectInputEvents[sdk=iphonesimulator*]" = YES;
				"INFOPLIST_KEY_UILaunchScreen_Generation[sdk=iphoneos*]" = YES;
				"INFOPLIST_KEY_UILaunchScreen_Generation[sdk=iphonesimulator*]" = YES;
				"INFOPLIST_KEY_UIStatusBarStyle[sdk=iphoneos*]" = UIStatusBarStyleDefault;
				"INFOPLIST_KEY_UIStatusBarStyle[sdk=iphonesimulator*]" = UIStatusBarStyleDefault;
				INFOPLIST_KEY_UISupportedInterfaceOrientations_iPad = "UIInterfaceOrientationPortrait UIInterfaceOrientationPortraitUpsideDown UIInterfaceOrientationLandscapeLeft UIInterfaceOrientationLandscapeRight";
				INFOPLIST_KEY_UISupportedInterfaceOrientations_iPhone = "UIInterfaceOrientationPortrait UIInterfaceOrientationLandscapeLeft UIInterfaceOrientationLandscapeRight";
				IPHONEOS_DEPLOYMENT_TARGET = 17.0;
				LD_RUNPATH_SEARCH_PATHS = "@executable_path/Frameworks";
				"LD_RUNPATH_SEARCH_PATHS[sdk=macosx*]" = "@executable_path/../Frameworks";
				MACOSX_DEPLOYMENT_TARGET = 14.0;
				MARKETING_VERSION = 1.0;
				PRODUCT_BUNDLE_IDENTIFIER = com.srcbeat.oneshot;
				PRODUCT_NAME = "$(TARGET_NAME)";
				SDKROOT = auto;
				SUPPORTED_PLATFORMS = "iphoneos iphonesimulator macosx";
				SWIFT_EMIT_LOC_STRINGS = YES;
				SWIFT_VERSION = 5.0;
				TARGETED_DEVICE_FAMILY = "1,2";
			};
			name = Debug;
		};
		401BCAC22C912B4C00ACCC54 /* Release */ = {
			isa = XCBuildConfiguration;
			buildSettings = {
				ASSETCATALOG_COMPILER_APPICON_NAME = AppIcon;
				ASSETCATALOG_COMPILER_GLOBAL_ACCENT_COLOR_NAME = AccentColor;
				CODE_SIGN_ENTITLEMENTS = oneshot/oneshot.entitlements;
				CODE_SIGN_STYLE = Automatic;
				CURRENT_PROJECT_VERSION = 1;
				DEVELOPMENT_ASSET_PATHS = "\"oneshot/Preview Content\"";
				ENABLE_PREVIEWS = YES;
				GENERATE_INFOPLIST_FILE = YES;
				"INFOPLIST_KEY_UIApplicationSceneManifest_Generation[sdk=iphoneos*]" = YES;
				"INFOPLIST_KEY_UIApplicationSceneManifest_Generation[sdk=iphonesimulator*]" = YES;
				"INFOPLIST_KEY_UIApplicationSupportsIndirectInputEvents[sdk=iphoneos*]" = YES;
				"INFOPLIST_KEY_UIApplicationSupportsIndirectInputEvents[sdk=iphonesimulator*]" = YES;
				"INFOPLIST_KEY_UILaunchScreen_Generation[sdk=iphoneos*]" = YES;
				"INFOPLIST_KEY_UILaunchScreen_Generation[sdk=iphonesimulator*]" = YES;
				"INFOPLIST_KEY_UIStatusBarStyle[sdk=iphoneos*]" = UIStatusBarStyleDefault;
				"INFOPLIST_KEY_UIStatusBarStyle[sdk=iphonesimulator*]" = UIStatusBarStyleDefault;
				INFOPLIST_KEY_UISupportedInterfaceOrientations_iPad = "UIInterfaceOrientationPortrait UIInterfaceOrientationPortraitUpsideDown UIInterfaceOrientationLandscapeLeft UIInterfaceOrientationLandscapeRight";
				INFOPLIST_KEY_UISupportedInterfaceOrientations_iPhone = "UIInterfaceOrientationPortrait UIInterfaceOrientationLandscapeLeft UIInterfaceOrientationLandscapeRight";
				IPHONEOS_DEPLOYMENT_TARGET = 17.0;
				LD_RUNPATH_SEARCH_PATHS = "@executable_path/Frameworks";
				"LD_RUNPATH_SEARCH_PATHS[sdk=macosx*]" = "@executable_path/../Frameworks";
				MACOSX_DEPLOYMENT_TARGET = 14.0;
				MARKETING_VERSION = 1.0;
				PRODUCT_BUNDLE_IDENTIFIER = com.srcbeat.oneshot;
				PRODUCT_NAME = "$(TARGET_NAME)";
				SDKROOT = auto;
				SUPPORTED_PLATFORMS = "iphoneos iphonesimulator macosx";
				SWIFT_EMIT_LOC_STRINGS = YES;
				SWIFT_VERSION = 5.0;
				TARGETED_DEVICE_FAMILY = "1,2";
			};
			name = Release;
		};
		401BCAC42C912B4C00ACCC54 /* Debug */ = {
			isa = XCBuildConfiguration;
			buildSettings = {
				ALWAYS_EMBED_SWIFT_STANDARD_LIBRARIES = YES;
				BUNDLE_LOADER = "$(TEST_HOST)";
				CODE_SIGN_STYLE = Automatic;
				CURRENT_PROJECT_VERSION = 1;
				GENERATE_INFOPLIST_FILE = YES;
				IPHONEOS_DEPLOYMENT_TARGET = 17.0;
				MACOSX_DEPLOYMENT_TARGET = 14.0;
				MARKETING_VERSION = 1.0;
				PRODUCT_BUNDLE_IDENTIFIER = com.srcbeat.oneshotTests;
				PRODUCT_NAME = "$(TARGET_NAME)";
				SDKROOT = auto;
				SUPPORTED_PLATFORMS = "iphoneos iphonesimulator macosx";
				SWIFT_EMIT_LOC_STRINGS = NO;
				SWIFT_VERSION = 5.0;
				TARGETED_DEVICE_FAMILY = "1,2";
				TEST_HOST = "$(BUILT_PRODUCTS_DIR)/oneshot.app/$(BUNDLE_EXECUTABLE_FOLDER_PATH)/oneshot";
			};
			name = Debug;
		};
		401BCAC52C912B4C00ACCC54 /* Release */ = {
			isa = XCBuildConfiguration;
			buildSettings = {
				ALWAYS_EMBED_SWIFT_STANDARD_LIBRARIES = YES;
				BUNDLE_LOADER = "$(TEST_HOST)";
				CODE_SIGN_STYLE = Automatic;
				CURRENT_PROJECT_VERSION = 1;
				GENERATE_INFOPLIST_FILE = YES;
				IPHONEOS_DEPLOYMENT_TARGET = 17.0;
				MACOSX_DEPLOYMENT_TARGET = 14.0;
				MARKETING_VERSION = 1.0;
				PRODUCT_BUNDLE_IDENTIFIER = com.srcbeat.oneshotTests;
				PRODUCT_NAME = "$(TARGET_NAME)";
				SDKROOT = auto;
				SUPPORTED_PLATFORMS = "iphoneos iphonesimulator macosx";
				SWIFT_EMIT_LOC_STRINGS = NO;
				SWIFT_VERSION = 5.0;
				TARGETED_DEVICE_FAMILY = "1,2";
				TEST_HOST = "$(BUILT_PRODUCTS_DIR)/oneshot.app/$(BUNDLE_EXECUTABLE_FOLDER_PATH)/oneshot";
			};
			name = Release;
		};
		401BCAC72C912B4C00ACCC54 /* Debug */ = {
			isa = XCBuildConfiguration;
			buildSettings = {
				ALWAYS_EMBED_SWIFT_STANDARD_LIBRARIES = YES;
				CODE_SIGN_STYLE = Automatic;
				CURRENT_PROJECT_VERSION = 1;
				GENERATE_INFOPLIST_FILE = YES;
				IPHONEOS_DEPLOYMENT_TARGET = 17.0;
				MACOSX_DEPLOYMENT_TARGET = 14.0;
				MARKETING_VERSION = 1.0;
				PRODUCT_BUNDLE_IDENTIFIER = com.srcbeat.oneshotUITests;
				PRODUCT_NAME = "$(TARGET_NAME)";
				SDKROOT = auto;
				SUPPORTED_PLATFORMS = "iphoneos iphonesimulator macosx";
				SWIFT_EMIT_LOC_STRINGS = NO;
				SWIFT_VERSION = 5.0;
				TARGETED_DEVICE_FAMILY = "1,2";
				TEST_TARGET_NAME = oneshot;
			};
			name = Debug;
		};
		401BCAC82C912B4C00ACCC54 /* Release */ = {
			isa = XCBuildConfiguration;
			buildSettings = {
				ALWAYS_EMBED_SWIFT_STANDARD_LIBRARIES = YES;
				CODE_SIGN_STYLE = Automatic;
				CURRENT_PROJECT_VERSION = 1;
				GENERATE_INFOPLIST_FILE = YES;
				IPHONEOS_DEPLOYMENT_TARGET = 17.0;
				MACOSX_DEPLOYMENT_TARGET = 14.0;
				MARKETING_VERSION = 1.0;
				PRODUCT_BUNDLE_IDENTIFIER = com.srcbeat.oneshotUITests;
				PRODUCT_NAME = "$(TARGET_NAME)";
				SDKROOT = auto;
				SUPPORTED_PLATFORMS = "iphoneos iphonesimulator macosx";
				SWIFT_EMIT_LOC_STRINGS = NO;
				SWIFT_VERSION = 5.0;
				TARGETED_DEVICE_FAMILY = "1,2";
				TEST_TARGET_NAME = oneshot;
			};
			name = Release;
		};
/* End XCBuildConfiguration section */

/* Begin XCConfigurationList section */
		401BCA942C912B4A00ACCC54 /* Build configuration list for PBXProject "oneshot" */ = {
			isa = XCConfigurationList;
			buildConfigurations = (
				401BCABE2C912B4C00ACCC54 /* Debug */,
				401BCABF2C912B4C00ACCC54 /* Release */,
			);
			defaultConfigurationIsVisible = 0;
			defaultConfigurationName = Release;
		};
		401BCAC02C912B4C00ACCC54 /* Build configuration list for PBXNativeTarget "oneshot" */ = {
			isa = XCConfigurationList;
			buildConfigurations = (
				401BCAC12C912B4C00ACCC54 /* Debug */,
				401BCAC22C912B4C00ACCC54 /* Release */,
			);
			defaultConfigurationIsVisible = 0;
			defaultConfigurationName = Release;
		};
		401BCAC32C912B4C00ACCC54 /* Build configuration list for PBXNativeTarget "oneshotTests" */ = {
			isa = XCConfigurationList;
			buildConfigurations = (
				401BCAC42C912B4C00ACCC54 /* Debug */,
				401BCAC52C912B4C00ACCC54 /* Release */,
			);
			defaultConfigurationIsVisible = 0;
			defaultConfigurationName = Release;
		};
		401BCAC62C912B4C00ACCC54 /* Build configuration list for PBXNativeTarget "oneshotUITests" */ = {
			isa = XCConfigurationList;
			buildConfigurations = (
				401BCAC72C912B4C00ACCC54 /* Debug */,
				401BCAC82C912B4C00ACCC54 /* Release */,
			);
			defaultConfigurationIsVisible = 0;
			defaultConfigurationName = Release;
		};
/* End XCConfigurationList section */
	};
	rootObject = 401BCA912C912B4A00ACCC54 /* Project object */;
}
